
Microsoft Visual Studio Solution File, Format Version 12.00
Project("{FAE04EC0-301F-11D3-BF4B-00C04F79EFBC}") = "Vinarstvi", "Vinarstvi\Vinarstvi.csproj", "{80E67411-0B0F-480A-89D3-15F04D08B283}"
EndProject
Global
	GlobalSection(SolutionConfigurationPlatforms) = preSolution
		Debug|Any CPU = Debug|Any CPU
		Release|Any CPU = Release|Any CPU
	EndGlobalSection
	GlobalSection(ProjectConfigurationPlatforms) = postSolution
		{80E67411-0B0F-480A-89D3-15F04D08B283}.Debug|Any CPU.ActiveCfg = Debug|Any CPU
		{80E67411-0B0F-480A-89D3-15F04D08B283}.Release|Any CPU.ActiveCfg = Release|Any CPU
		{80E67411-0B0F-480A-89D3-15F04D08B283}.Release|Any CPU.Build.0 = Release|Any CPU
		{80E67411-0B0F-480A-89D3-15F04D08B283}.Debug|Any CPU.Deploy.0 = Debug|Any CPU
	EndGlobalSection
EndGlobal
